
Microsoft Visual Studio Solution File, Format Version 12.00
# Visual Studio Version 17
VisualStudioVersion = 17.14.36518.9
MinimumVisualStudioVersion = 10.0.40219.1
Project("{FAE04EC0-301F-11D3-BF4B-00C04F79EFBC}") = "InfotecsTestTask", "src\InfotecsTestTask.csproj", "{C901AD14-4E1C-450A-BC49-5EC4434DE8F2}"
EndProject
Project("{FAE04EC0-301F-11D3-BF4B-00C04F79EFBC}") = "InfotecsTestTaskTests", "tests\InfotecsTestTaskTests.csproj", "{7CE28964-3CE1-4136-86E1-25840A1BDCB5}"
EndProject
Global
	GlobalSection(SolutionConfigurationPlatforms) = preSolution
		Debug|Any CPU = Debug|Any CPU
		Release|Any CPU = Release|Any CPU
	EndGlobalSection
	GlobalSection(ProjectConfigurationPlatforms) = postSolution
		{C901AD14-4E1C-450A-BC49-5EC4434DE8F2}.Debug|Any CPU.ActiveCfg = Debug|Any CPU
		{C901AD14-4E1C-450A-BC49-5EC4434DE8F2}.Debug|Any CPU.Build.0 = Debug|Any CPU
		{C901AD14-4E1C-450A-BC49-5EC4434DE8F2}.Release|Any CPU.ActiveCfg = Release|Any CPU
		{C901AD14-4E1C-450A-BC49-5EC4434DE8F2}.Release|Any CPU.Build.0 = Release|Any CPU
		{7CE28964-3CE1-4136-86E1-25840A1BDCB5}.Debug|Any CPU.ActiveCfg = Debug|Any CPU
		{7CE28964-3CE1-4136-86E1-25840A1BDCB5}.Debug|Any CPU.Build.0 = Debug|Any CPU
		{7CE28964-3CE1-4136-86E1-25840A1BDCB5}.Release|Any CPU.ActiveCfg = Release|Any CPU
		{7CE28964-3CE1-4136-86E1-25840A1BDCB5}.Release|Any CPU.Build.0 = Release|Any CPU
	EndGlobalSection
	GlobalSection(SolutionProperties) = preSolution
		HideSolutionNode = FALSE
	EndGlobalSection
	GlobalSection(ExtensibilityGlobals) = postSolution
		SolutionGuid = {5ACFE040-22DC-4CB4-9110-4122FD95D417}
	EndGlobalSection
EndGlobal
